
Microsoft Visual Studio Solution File, Format Version 12.00
# Visual Studio Version 16
VisualStudioVersion = 16.0.30907.101
MinimumVisualStudioVersion = 10.0.40219.1
Project("{9A19103F-16F7-4668-BE54-9A1E7A4F7556}") = "DataAccess", "DataAccess\DataAccess.csproj", "{DDD32F17-5FE7-4E2B-AA0B-30BCE87E4526}"
EndProject
Project("{9A19103F-16F7-4668-BE54-9A1E7A4F7556}") = "Business", "Business\Business.csproj", "{63E632E6-A4D2-4BC4-808E-6FAD73EBEF1D}"
EndProject
Project("{9A19103F-16F7-4668-BE54-9A1E7A4F7556}") = "Entities", "Entities\Entities.csproj", "{A04234AC-18D4-4277-A467-8A96C2A50CFB}"
EndProject
Project("{9A19103F-16F7-4668-BE54-9A1E7A4F7556}") = "ConsoleUI", "ConsoleUI\ConsoleUI.csproj", "{ECB5758C-C675-4280-93DE-912A27486C43}"
EndProject
Project("{2150E333-8FDC-42A3-9474-1A3956D46DE8}") = "ReCapProject", "ReCapProject", "{66D31F61-E788-4BD8-B9C1-BC739E30A7D3}"
EndProject
Project("{9A19103F-16F7-4668-BE54-9A1E7A4F7556}") = "BusinessReCap", "BusinessReCap\BusinessReCap.csproj", "{A7325899-B906-47A0-B8E1-38CA54806B9F}"
EndProject
Project("{9A19103F-16F7-4668-BE54-9A1E7A4F7556}") = "DataAccessReCap", "DataAccessReCap\DataAccessReCap.csproj", "{599197D4-E16E-4681-A558-B6D945521B65}"
EndProject
Project("{9A19103F-16F7-4668-BE54-9A1E7A4F7556}") = "EntitiesReCap", "EntitiesReCap\EntitiesReCap.csproj", "{6774305C-8E51-41E3-8383-4E8E89B44AB2}"
EndProject
Project("{9A19103F-16F7-4668-BE54-9A1E7A4F7556}") = "ConsoleUIReCap", "ConsoleUIReCap\ConsoleUIReCap.csproj", "{262D6B2E-8355-45B0-A01F-65F0A5363179}"
EndProject
Project("{9A19103F-16F7-4668-BE54-9A1E7A4F7556}") = "Core", "Core\Core.csproj", "{61FE8ECB-5893-4F7B-8133-7D811D695D11}"
EndProject
Project("{9A19103F-16F7-4668-BE54-9A1E7A4F7556}") = "CoreRecap", "CoreRecap\CoreRecap.csproj", "{D6F320BC-3E0B-4B21-B6AE-E2DAEE882F29}"
EndProject
Project("{9A19103F-16F7-4668-BE54-9A1E7A4F7556}") = "WebAPI", "WebAPI\WebAPI.csproj", "{91E76B5C-1EAE-4B4C-8908-E565E132419C}"
EndProject
Project("{FAE04EC0-301F-11D3-BF4B-00C04F79EFBC}") = "WebAPIrecap", "WebAPIrecap\WebAPIrecap.csproj", "{2326A4D0-D936-463B-817D-E7739CBDAC1A}"
EndProject
Global
	GlobalSection(SolutionConfigurationPlatforms) = preSolution
		Debug|Any CPU = Debug|Any CPU
		Release|Any CPU = Release|Any CPU
	EndGlobalSection
	GlobalSection(ProjectConfigurationPlatforms) = postSolution
		{DDD32F17-5FE7-4E2B-AA0B-30BCE87E4526}.Debug|Any CPU.ActiveCfg = Debug|Any CPU
		{DDD32F17-5FE7-4E2B-AA0B-30BCE87E4526}.Debug|Any CPU.Build.0 = Debug|Any CPU
		{DDD32F17-5FE7-4E2B-AA0B-30BCE87E4526}.Release|Any CPU.ActiveCfg = Release|Any CPU
		{DDD32F17-5FE7-4E2B-AA0B-30BCE87E4526}.Release|Any CPU.Build.0 = Release|Any CPU
		{63E632E6-A4D2-4BC4-808E-6FAD73EBEF1D}.Debug|Any CPU.ActiveCfg = Debug|Any CPU
		{63E632E6-A4D2-4BC4-808E-6FAD73EBEF1D}.Debug|Any CPU.Build.0 = Debug|Any CPU
		{63E632E6-A4D2-4BC4-808E-6FAD73EBEF1D}.Release|Any CPU.ActiveCfg = Release|Any CPU
		{63E632E6-A4D2-4BC4-808E-6FAD73EBEF1D}.Release|Any CPU.Build.0 = Release|Any CPU
		{A04234AC-18D4-4277-A467-8A96C2A50CFB}.Debug|Any CPU.ActiveCfg = Debug|Any CPU
		{A04234AC-18D4-4277-A467-8A96C2A50CFB}.Debug|Any CPU.Build.0 = Debug|Any CPU
		{A04234AC-18D4-4277-A467-8A96C2A50CFB}.Release|Any CPU.ActiveCfg = Release|Any CPU
		{A04234AC-18D4-4277-A467-8A96C2A50CFB}.Release|Any CPU.Build.0 = Release|Any CPU
		{ECB5758C-C675-4280-93DE-912A27486C43}.Debug|Any CPU.ActiveCfg = Debug|Any CPU
		{ECB5758C-C675-4280-93DE-912A27486C43}.Debug|Any CPU.Build.0 = Debug|Any CPU
		{ECB5758C-C675-4280-93DE-912A27486C43}.Release|Any CPU.ActiveCfg = Release|Any CPU
		{ECB5758C-C675-4280-93DE-912A27486C43}.Release|Any CPU.Build.0 = Release|Any CPU
		{A7325899-B906-47A0-B8E1-38CA54806B9F}.Debug|Any CPU.ActiveCfg = Debug|Any CPU
		{A7325899-B906-47A0-B8E1-38CA54806B9F}.Debug|Any CPU.Build.0 = Debug|Any CPU
		{A7325899-B906-47A0-B8E1-38CA54806B9F}.Release|Any CPU.ActiveCfg = Release|Any CPU
		{A7325899-B906-47A0-B8E1-38CA54806B9F}.Release|Any CPU.Build.0 = Release|Any CPU
		{599197D4-E16E-4681-A558-B6D945521B65}.Debug|Any CPU.ActiveCfg = Debug|Any CPU
		{599197D4-E16E-4681-A558-B6D945521B65}.Debug|Any CPU.Build.0 = Debug|Any CPU
		{599197D4-E16E-4681-A558-B6D945521B65}.Release|Any CPU.ActiveCfg = Release|Any CPU
		{599197D4-E16E-4681-A558-B6D945521B65}.Release|Any CPU.Build.0 = Release|Any CPU
		{6774305C-8E51-41E3-8383-4E8E89B44AB2}.Debug|Any CPU.ActiveCfg = Debug|Any CPU
		{6774305C-8E51-41E3-8383-4E8E89B44AB2}.Debug|Any CPU.Build.0 = Debug|Any CPU
		{6774305C-8E51-41E3-8383-4E8E89B44AB2}.Release|Any CPU.ActiveCfg = Release|Any CPU
		{6774305C-8E51-41E3-8383-4E8E89B44AB2}.Release|Any CPU.Build.0 = Release|Any CPU
		{262D6B2E-8355-45B0-A01F-65F0A5363179}.Debug|Any CPU.ActiveCfg = Debug|Any CPU
		{262D6B2E-8355-45B0-A01F-65F0A5363179}.Debug|Any CPU.Build.0 = Debug|Any CPU
		{262D6B2E-8355-45B0-A01F-65F0A5363179}.Release|Any CPU.ActiveCfg = Release|Any CPU
		{262D6B2E-8355-45B0-A01F-65F0A5363179}.Release|Any CPU.Build.0 = Release|Any CPU
		{61FE8ECB-5893-4F7B-8133-7D811D695D11}.Debug|Any CPU.ActiveCfg = Debug|Any CPU
		{61FE8ECB-5893-4F7B-8133-7D811D695D11}.Debug|Any CPU.Build.0 = Debug|Any CPU
		{61FE8ECB-5893-4F7B-8133-7D811D695D11}.Release|Any CPU.ActiveCfg = Release|Any CPU
		{61FE8ECB-5893-4F7B-8133-7D811D695D11}.Release|Any CPU.Build.0 = Release|Any CPU
		{D6F320BC-3E0B-4B21-B6AE-E2DAEE882F29}.Debug|Any CPU.ActiveCfg = Debug|Any CPU
		{D6F320BC-3E0B-4B21-B6AE-E2DAEE882F29}.Debug|Any CPU.Build.0 = Debug|Any CPU
		{D6F320BC-3E0B-4B21-B6AE-E2DAEE882F29}.Release|Any CPU.ActiveCfg = Release|Any CPU
		{D6F320BC-3E0B-4B21-B6AE-E2DAEE882F29}.Release|Any CPU.Build.0 = Release|Any CPU
		{91E76B5C-1EAE-4B4C-8908-E565E132419C}.Debug|Any CPU.ActiveCfg = Debug|Any CPU
		{91E76B5C-1EAE-4B4C-8908-E565E132419C}.Debug|Any CPU.Build.0 = Debug|Any CPU
		{91E76B5C-1EAE-4B4C-8908-E565E132419C}.Release|Any CPU.ActiveCfg = Release|Any CPU
		{91E76B5C-1EAE-4B4C-8908-E565E132419C}.Release|Any CPU.Build.0 = Release|Any CPU
		{2326A4D0-D936-463B-817D-E7739CBDAC1A}.Debug|Any CPU.ActiveCfg = Debug|Any CPU
		{2326A4D0-D936-463B-817D-E7739CBDAC1A}.Debug|Any CPU.Build.0 = Debug|Any CPU
		{2326A4D0-D936-463B-817D-E7739CBDAC1A}.Release|Any CPU.ActiveCfg = Release|Any CPU
		{2326A4D0-D936-463B-817D-E7739CBDAC1A}.Release|Any CPU.Build.0 = Release|Any CPU
	EndGlobalSection
	GlobalSection(SolutionProperties) = preSolution
		HideSolutionNode = FALSE
	EndGlobalSection
	GlobalSection(NestedProjects) = preSolution
		{A7325899-B906-47A0-B8E1-38CA54806B9F} = {66D31F61-E788-4BD8-B9C1-BC739E30A7D3}
		{599197D4-E16E-4681-A558-B6D945521B65} = {66D31F61-E788-4BD8-B9C1-BC739E30A7D3}
		{6774305C-8E51-41E3-8383-4E8E89B44AB2} = {66D31F61-E788-4BD8-B9C1-BC739E30A7D3}
		{262D6B2E-8355-45B0-A01F-65F0A5363179} = {66D31F61-E788-4BD8-B9C1-BC739E30A7D3}
		{D6F320BC-3E0B-4B21-B6AE-E2DAEE882F29} = {66D31F61-E788-4BD8-B9C1-BC739E30A7D3}
		{2326A4D0-D936-463B-817D-E7739CBDAC1A} = {66D31F61-E788-4BD8-B9C1-BC739E30A7D3}
	EndGlobalSection
	GlobalSection(ExtensibilityGlobals) = postSolution
		SolutionGuid = {D6BD15CD-230F-49F8-BB84-CA4BB9459E3F}
	EndGlobalSection
EndGlobal
